{
  "name": "@airgap/serializer",
  "version": "0.13.11-beta.0",
  "lockfileVersion": 2,
  "requires": true,
  "packages": {
    "": {
      "name": "@airgap/serializer",
      "version": "0.13.11-beta.0",
      "license": "MIT",
      "peerDependencies": {
        "@airgap/coinlib-core": "^0.13.10"
      }
    }
  }
}
