{
  "name": "@airgap/serializer",
  "version": "0.13.7-beta.22",
  "lockfileVersion": 2,
  "requires": true,
  "packages": {
    "": {
      "name": "@airgap/serializer",
      "version": "0.13.7-beta.22",
      "license": "MIT",
      "peerDependencies": {
        "@airgap/aeternity": "^0.13.7-beta.0",
        "@airgap/astar": "^0.13.7-beta.0",
        "@airgap/bitcoin": "^0.13.7-beta.0",
        "@airgap/coinlib-core": "^0.13.7-beta.0",
        "@airgap/cosmos": "^0.13.7-beta.0",
        "@airgap/ethereum": "^0.13.7-beta.0",
        "@airgap/groestlcoin": "^0.13.7-beta.0",
        "@airgap/moonbeam": "^0.13.7-beta.0",
        "@airgap/polkadot": "^0.13.7-beta.0",
        "@airgap/substrate": "^0.13.7-beta.0",
        "@airgap/tezos": "^0.13.7-beta.0"
      }
    }
  }
}
