{
  "name": "@airgap/aeternity",
  "version": "0.13.10-beta.3",
  "lockfileVersion": 2,
  "requires": true,
  "packages": {
    "": {
      "name": "@airgap/aeternity",
      "version": "0.13.10-beta.3",
      "license": "MIT",
      "peerDependencies": {
        "@airgap/coinlib-core": "^0.13.9",
        "@airgap/module-kit": "^0.13.9",
        "@airgap/serializer": "^0.13.9",
        "@stablelib/ed25519": "1.0.3"
      }
    }
  }
}
