{
  "name": "@airgap/aeternity",
  "version": "0.13.7-beta.12",
  "lockfileVersion": 2,
  "requires": true,
  "packages": {
    "": {
      "name": "@airgap/aeternity",
      "version": "0.13.7-beta.12",
      "license": "MIT",
      "peerDependencies": {
        "@airgap/coinlib-core": "^0.13.7-beta.0",
        "@stablelib/ed25519": "1.0.3"
      }
    }
  }
}
