{
  "name": "@airgap/wallet",
  "version": "0.13.8-beta.14",
  "lockfileVersion": 2,
  "requires": true,
  "packages": {
    "": {
      "name": "@airgap/wallet",
      "version": "0.13.8-beta.14",
      "license": "MIT",
      "peerDependencies": {
        "@airgap/coinlib-core": "^0.13.8-beta.14",
        "@airgap/module-kit": "^0.13.8-beta.14"
      }
    }
  }
}
