{
  "name": "@airgap/groestlcoin",
  "version": "0.13.7-beta.26",
  "lockfileVersion": 2,
  "requires": true,
  "packages": {
    "": {
      "name": "@airgap/groestlcoin",
      "version": "0.13.7-beta.26",
      "license": "MIT",
      "peerDependencies": {
        "@airgap/bitcoin": "^0.13.7-beta.0",
        "@airgap/coinlib-core": "^0.13.7-beta.0",
        "@airgap/module-kit": "^0.13.7-beta.0",
        "@airgap/serializer": "^0.13.7-beta.0"
      }
    }
  }
}
