{
  "name": "@airgap/cosmos",
  "version": "0.13.7-beta.22",
  "lockfileVersion": 2,
  "requires": true,
  "packages": {
    "": {
      "name": "@airgap/cosmos",
      "version": "0.13.7-beta.22",
      "license": "MIT",
      "peerDependencies": {
        "@airgap/coinlib-core": "^0.13.7-beta.0"
      }
    }
  }
}
