{
  "name": "@airgap/cosmos",
  "version": "0.13.9",
  "lockfileVersion": 2,
  "requires": true,
  "packages": {
    "": {
      "name": "@airgap/cosmos",
      "version": "0.13.9",
      "license": "MIT",
      "peerDependencies": {
        "@airgap/coinlib-core": "^0.13.9",
        "@airgap/module-kit": "^0.13.9",
        "@airgap/serializer": "^0.13.9"
      }
    }
  }
}
