{
  "name": "@airgap/coinlib-core",
  "version": "0.13.7-beta.22",
  "lockfileVersion": 2,
  "requires": true,
  "packages": {
    "": {
      "name": "@airgap/coinlib-core",
      "version": "0.13.7-beta.22",
      "license": "MIT",
      "dependencies": {
        "@stablelib/blake2b": "^1.0.1",
        "@stablelib/bytes": "^1.0.1",
        "@stablelib/ed25519": "^1.0.3",
        "@stablelib/nacl": "^1.0.4",
        "@stablelib/utf8": "^1.0.1",
        "long": "^5.2.0",
        "protobufjs": "^6.11.2"
      }
    },
    "node_modules/@protobufjs/aspromise": {
      "version": "1.1.2",
      "resolved": "https://registry.npmjs.org/@protobufjs/aspromise/-/aspromise-1.1.2.tgz",
      "integrity": "sha1-m4sMxmPWaafY9vXQiToU00jzD78="
    },
    "node_modules/@protobufjs/base64": {
      "version": "1.1.2",
      "resolved": "https://registry.npmjs.org/@protobufjs/base64/-/base64-1.1.2.tgz",
      "integrity": "sha512-AZkcAA5vnN/v4PDqKyMR5lx7hZttPDgClv83E//FMNhR2TMcLUhfRUBHCmSl0oi9zMgDDqRUJkSxO3wm85+XLg=="
    },
    "node_modules/@protobufjs/codegen": {
      "version": "2.0.4",
      "resolved": "https://registry.npmjs.org/@protobufjs/codegen/-/codegen-2.0.4.tgz",
      "integrity": "sha512-YyFaikqM5sH0ziFZCN3xDC7zeGaB/d0IUb9CATugHWbd1FRFwWwt4ld4OYMPWu5a3Xe01mGAULCdqhMlPl29Jg=="
    },
    "node_modules/@protobufjs/eventemitter": {
      "version": "1.1.0",
      "resolved": "https://registry.npmjs.org/@protobufjs/eventemitter/-/eventemitter-1.1.0.tgz",
      "integrity": "sha1-NVy8mLr61ZePntCV85diHx0Ga3A="
    },
    "node_modules/@protobufjs/fetch": {
      "version": "1.1.0",
      "resolved": "https://registry.npmjs.org/@protobufjs/fetch/-/fetch-1.1.0.tgz",
      "integrity": "sha1-upn7WYYUr2VwDBYZ/wbUVLDYTEU=",
      "dependencies": {
        "@protobufjs/aspromise": "^1.1.1",
        "@protobufjs/inquire": "^1.1.0"
      }
    },
    "node_modules/@protobufjs/float": {
      "version": "1.0.2",
      "resolved": "https://registry.npmjs.org/@protobufjs/float/-/float-1.0.2.tgz",
      "integrity": "sha1-Xp4avctz/Ap8uLKR33jIy9l7h9E="
    },
    "node_modules/@protobufjs/inquire": {
      "version": "1.1.0",
      "resolved": "https://registry.npmjs.org/@protobufjs/inquire/-/inquire-1.1.0.tgz",
      "integrity": "sha1-/yAOPnzyQp4tyvwRQIKOjMY48Ik="
    },
    "node_modules/@protobufjs/path": {
      "version": "1.1.2",
      "resolved": "https://registry.npmjs.org/@protobufjs/path/-/path-1.1.2.tgz",
      "integrity": "sha1-bMKyDFya1q0NzP0hynZz2Nf79o0="
    },
    "node_modules/@protobufjs/pool": {
      "version": "1.1.0",
      "resolved": "https://registry.npmjs.org/@protobufjs/pool/-/pool-1.1.0.tgz",
      "integrity": "sha1-Cf0V8tbTq/qbZbw2ZQbWrXhG/1Q="
    },
    "node_modules/@protobufjs/utf8": {
      "version": "1.1.0",
      "resolved": "https://registry.npmjs.org/@protobufjs/utf8/-/utf8-1.1.0.tgz",
      "integrity": "sha1-p3c2C1s5oaLlEG+OhY8v0tBgxXA="
    },
    "node_modules/@stablelib/binary": {
      "version": "1.0.1",
      "resolved": "https://registry.npmjs.org/@stablelib/binary/-/binary-1.0.1.tgz",
      "integrity": "sha512-ClJWvmL6UBM/wjkvv/7m5VP3GMr9t0osr4yVgLZsLCOz4hGN9gIAFEqnJ0TsSMAN+n840nf2cHZnA5/KFqHC7Q==",
      "dependencies": {
        "@stablelib/int": "^1.0.1"
      }
    },
    "node_modules/@stablelib/blake2b": {
      "version": "1.0.1",
      "resolved": "https://registry.npmjs.org/@stablelib/blake2b/-/blake2b-1.0.1.tgz",
      "integrity": "sha512-B3KyKoBAjkIFeH7romcF96i+pVFYk7K2SBQ1pZvaxV+epSBXJ+n0C66esUhyz6FF+5FbdQVm77C5fzGFcEZpKA==",
      "dependencies": {
        "@stablelib/binary": "^1.0.1",
        "@stablelib/hash": "^1.0.1",
        "@stablelib/wipe": "^1.0.1"
      }
    },
    "node_modules/@stablelib/bytes": {
      "version": "1.0.1",
      "resolved": "https://registry.npmjs.org/@stablelib/bytes/-/bytes-1.0.1.tgz",
      "integrity": "sha512-Kre4Y4kdwuqL8BR2E9hV/R5sOrUj6NanZaZis0V6lX5yzqC3hBuVSDXUIBqQv/sCpmuWRiHLwqiT1pqqjuBXoQ=="
    },
    "node_modules/@stablelib/constant-time": {
      "version": "1.0.1",
      "resolved": "https://registry.npmjs.org/@stablelib/constant-time/-/constant-time-1.0.1.tgz",
      "integrity": "sha512-tNOs3uD0vSJcK6z1fvef4Y+buN7DXhzHDPqRLSXUel1UfqMB1PWNsnnAezrKfEwTLpN0cGH2p9NNjs6IqeD0eg=="
    },
    "node_modules/@stablelib/ed25519": {
      "version": "1.0.3",
      "resolved": "https://registry.npmjs.org/@stablelib/ed25519/-/ed25519-1.0.3.tgz",
      "integrity": "sha512-puIMWaX9QlRsbhxfDc5i+mNPMY+0TmQEskunY1rZEBPi1acBCVQAhnsk/1Hk50DGPtVsZtAWQg4NHGlVaO9Hqg==",
      "dependencies": {
        "@stablelib/random": "^1.0.2",
        "@stablelib/sha512": "^1.0.1",
        "@stablelib/wipe": "^1.0.1"
      }
    },
    "node_modules/@stablelib/hash": {
      "version": "1.0.1",
      "resolved": "https://registry.npmjs.org/@stablelib/hash/-/hash-1.0.1.tgz",
      "integrity": "sha512-eTPJc/stDkdtOcrNMZ6mcMK1e6yBbqRBaNW55XA1jU8w/7QdnCF0CmMmOD1m7VSkBR44PWrMHU2l6r8YEQHMgg=="
    },
    "node_modules/@stablelib/int": {
      "version": "1.0.1",
      "resolved": "https://registry.npmjs.org/@stablelib/int/-/int-1.0.1.tgz",
      "integrity": "sha512-byr69X/sDtDiIjIV6m4roLVWnNNlRGzsvxw+agj8CIEazqWGOQp2dTYgQhtyVXV9wpO6WyXRQUzLV/JRNumT2w=="
    },
    "node_modules/@stablelib/keyagreement": {
      "version": "1.0.1",
      "resolved": "https://registry.npmjs.org/@stablelib/keyagreement/-/keyagreement-1.0.1.tgz",
      "integrity": "sha512-VKL6xBwgJnI6l1jKrBAfn265cspaWBPAPEc62VBQrWHLqVgNRE09gQ/AnOEyKUWrrqfD+xSQ3u42gJjLDdMDQg==",
      "dependencies": {
        "@stablelib/bytes": "^1.0.1"
      }
    },
    "node_modules/@stablelib/nacl": {
      "version": "1.0.4",
      "resolved": "https://registry.npmjs.org/@stablelib/nacl/-/nacl-1.0.4.tgz",
      "integrity": "sha512-PJ2U/MrkXSKUM8C4qFs87WeCNxri7KQwR8Cdwm9q2sweGuAtTvOJGuW0F3N+zn+ySLPJA98SYWSSpogMJ1gCmw==",
      "dependencies": {
        "@stablelib/poly1305": "^1.0.1",
        "@stablelib/random": "^1.0.2",
        "@stablelib/wipe": "^1.0.1",
        "@stablelib/x25519": "^1.0.3",
        "@stablelib/xsalsa20": "^1.0.2"
      }
    },
    "node_modules/@stablelib/poly1305": {
      "version": "1.0.1",
      "resolved": "https://registry.npmjs.org/@stablelib/poly1305/-/poly1305-1.0.1.tgz",
      "integrity": "sha512-1HlG3oTSuQDOhSnLwJRKeTRSAdFNVB/1djy2ZbS35rBSJ/PFqx9cf9qatinWghC2UbfOYD8AcrtbUQl8WoxabA==",
      "dependencies": {
        "@stablelib/constant-time": "^1.0.1",
        "@stablelib/wipe": "^1.0.1"
      }
    },
    "node_modules/@stablelib/random": {
      "version": "1.0.2",
      "resolved": "https://registry.npmjs.org/@stablelib/random/-/random-1.0.2.tgz",
      "integrity": "sha512-rIsE83Xpb7clHPVRlBj8qNe5L8ISQOzjghYQm/dZ7VaM2KHYwMW5adjQjrzTZCchFnNCNhkwtnOBa9HTMJCI8w==",
      "dependencies": {
        "@stablelib/binary": "^1.0.1",
        "@stablelib/wipe": "^1.0.1"
      }
    },
    "node_modules/@stablelib/salsa20": {
      "version": "1.0.2",
      "resolved": "https://registry.npmjs.org/@stablelib/salsa20/-/salsa20-1.0.2.tgz",
      "integrity": "sha512-nfjKzw0KTKrrKBasEP+j7UP4I8Xudom8lVZIBCp0kQNARXq72IlSic0oabg2FC1NU68L4RdHrNJDd8bFwrphYA==",
      "dependencies": {
        "@stablelib/binary": "^1.0.1",
        "@stablelib/constant-time": "^1.0.1",
        "@stablelib/wipe": "^1.0.1"
      }
    },
    "node_modules/@stablelib/sha512": {
      "version": "1.0.1",
      "resolved": "https://registry.npmjs.org/@stablelib/sha512/-/sha512-1.0.1.tgz",
      "integrity": "sha512-13gl/iawHV9zvDKciLo1fQ8Bgn2Pvf7OV6amaRVKiq3pjQ3UmEpXxWiAfV8tYjUpeZroBxtyrwtdooQT/i3hzw==",
      "dependencies": {
        "@stablelib/binary": "^1.0.1",
        "@stablelib/hash": "^1.0.1",
        "@stablelib/wipe": "^1.0.1"
      }
    },
    "node_modules/@stablelib/utf8": {
      "version": "1.0.1",
      "resolved": "https://registry.npmjs.org/@stablelib/utf8/-/utf8-1.0.1.tgz",
      "integrity": "sha512-FrYD1xadah/TtAP6VJ04lDD5h9rdDj/d8wH/jMYTtHqZBv9z2btdvEU8vTxdjdkFmo1b/BH+t3R1wi/mYhCCNg=="
    },
    "node_modules/@stablelib/wipe": {
      "version": "1.0.1",
      "resolved": "https://registry.npmjs.org/@stablelib/wipe/-/wipe-1.0.1.tgz",
      "integrity": "sha512-WfqfX/eXGiAd3RJe4VU2snh/ZPwtSjLG4ynQ/vYzvghTh7dHFcI1wl+nrkWG6lGhukOxOsUHfv8dUXr58D0ayg=="
    },
    "node_modules/@stablelib/x25519": {
      "version": "1.0.3",
      "resolved": "https://registry.npmjs.org/@stablelib/x25519/-/x25519-1.0.3.tgz",
      "integrity": "sha512-KnTbKmUhPhHavzobclVJQG5kuivH+qDLpe84iRqX3CLrKp881cF160JvXJ+hjn1aMyCwYOKeIZefIH/P5cJoRw==",
      "dependencies": {
        "@stablelib/keyagreement": "^1.0.1",
        "@stablelib/random": "^1.0.2",
        "@stablelib/wipe": "^1.0.1"
      }
    },
    "node_modules/@stablelib/xsalsa20": {
      "version": "1.0.2",
      "resolved": "https://registry.npmjs.org/@stablelib/xsalsa20/-/xsalsa20-1.0.2.tgz",
      "integrity": "sha512-7XdBGbcNgBShmuhDXv1G1WPVCkjZdkb1oPMzSidO7Fve0MHntH6TjFkj5bfLI+aRE+61weO076vYpP/jmaAYog==",
      "dependencies": {
        "@stablelib/binary": "^1.0.1",
        "@stablelib/salsa20": "^1.0.2",
        "@stablelib/wipe": "^1.0.1"
      }
    },
    "node_modules/@types/long": {
      "version": "4.0.1",
      "resolved": "https://registry.npmjs.org/@types/long/-/long-4.0.1.tgz",
      "integrity": "sha512-5tXH6Bx/kNGd3MgffdmP4dy2Z+G4eaXw0SE81Tq3BNadtnMR5/ySMzX4SLEzHJzSmPNn4HIdpQsBvXMUykr58w=="
    },
    "node_modules/@types/node": {
      "version": "14.14.14",
      "license": "MIT"
    },
    "node_modules/long": {
      "version": "5.2.0",
      "resolved": "https://registry.npmjs.org/long/-/long-5.2.0.tgz",
      "integrity": "sha512-9RTUNjK60eJbx3uz+TEGF7fUr29ZDxR5QzXcyDpeSfeH28S9ycINflOgOlppit5U+4kNTe83KQnMEerw7GmE8w=="
    },
    "node_modules/protobufjs": {
      "version": "6.11.2",
      "resolved": "https://registry.npmjs.org/protobufjs/-/protobufjs-6.11.2.tgz",
      "integrity": "sha512-4BQJoPooKJl2G9j3XftkIXjoC9C0Av2NOrWmbLWT1vH32GcSUHjM0Arra6UfTsVyfMAuFzaLucXn1sadxJydAw==",
      "hasInstallScript": true,
      "dependencies": {
        "@protobufjs/aspromise": "^1.1.2",
        "@protobufjs/base64": "^1.1.2",
        "@protobufjs/codegen": "^2.0.4",
        "@protobufjs/eventemitter": "^1.1.0",
        "@protobufjs/fetch": "^1.1.0",
        "@protobufjs/float": "^1.0.2",
        "@protobufjs/inquire": "^1.1.0",
        "@protobufjs/path": "^1.1.2",
        "@protobufjs/pool": "^1.1.0",
        "@protobufjs/utf8": "^1.1.0",
        "@types/long": "^4.0.1",
        "@types/node": ">=13.7.0",
        "long": "^4.0.0"
      },
      "bin": {
        "pbjs": "bin/pbjs",
        "pbts": "bin/pbts"
      }
    },
    "node_modules/protobufjs/node_modules/long": {
      "version": "4.0.0",
      "resolved": "https://registry.npmjs.org/long/-/long-4.0.0.tgz",
      "integrity": "sha512-XsP+KhQif4bjX1kbuSiySJFNAehNxgLb6hPRGJ9QsUr8ajHkuXGdrHmFUTUUXhDwVX2R5bY4JNZEwbUiMhV+MA=="
    }
  },
  "dependencies": {
    "@protobufjs/aspromise": {
      "version": "1.1.2",
      "resolved": "https://registry.npmjs.org/@protobufjs/aspromise/-/aspromise-1.1.2.tgz",
      "integrity": "sha1-m4sMxmPWaafY9vXQiToU00jzD78="
    },
    "@protobufjs/base64": {
      "version": "1.1.2",
      "resolved": "https://registry.npmjs.org/@protobufjs/base64/-/base64-1.1.2.tgz",
      "integrity": "sha512-AZkcAA5vnN/v4PDqKyMR5lx7hZttPDgClv83E//FMNhR2TMcLUhfRUBHCmSl0oi9zMgDDqRUJkSxO3wm85+XLg=="
    },
    "@protobufjs/codegen": {
      "version": "2.0.4",
      "resolved": "https://registry.npmjs.org/@protobufjs/codegen/-/codegen-2.0.4.tgz",
      "integrity": "sha512-YyFaikqM5sH0ziFZCN3xDC7zeGaB/d0IUb9CATugHWbd1FRFwWwt4ld4OYMPWu5a3Xe01mGAULCdqhMlPl29Jg=="
    },
    "@protobufjs/eventemitter": {
      "version": "1.1.0",
      "resolved": "https://registry.npmjs.org/@protobufjs/eventemitter/-/eventemitter-1.1.0.tgz",
      "integrity": "sha1-NVy8mLr61ZePntCV85diHx0Ga3A="
    },
    "@protobufjs/fetch": {
      "version": "1.1.0",
      "resolved": "https://registry.npmjs.org/@protobufjs/fetch/-/fetch-1.1.0.tgz",
      "integrity": "sha1-upn7WYYUr2VwDBYZ/wbUVLDYTEU=",
      "requires": {
        "@protobufjs/aspromise": "^1.1.1",
        "@protobufjs/inquire": "^1.1.0"
      }
    },
    "@protobufjs/float": {
      "version": "1.0.2",
      "resolved": "https://registry.npmjs.org/@protobufjs/float/-/float-1.0.2.tgz",
      "integrity": "sha1-Xp4avctz/Ap8uLKR33jIy9l7h9E="
    },
    "@protobufjs/inquire": {
      "version": "1.1.0",
      "resolved": "https://registry.npmjs.org/@protobufjs/inquire/-/inquire-1.1.0.tgz",
      "integrity": "sha1-/yAOPnzyQp4tyvwRQIKOjMY48Ik="
    },
    "@protobufjs/path": {
      "version": "1.1.2",
      "resolved": "https://registry.npmjs.org/@protobufjs/path/-/path-1.1.2.tgz",
      "integrity": "sha1-bMKyDFya1q0NzP0hynZz2Nf79o0="
    },
    "@protobufjs/pool": {
      "version": "1.1.0",
      "resolved": "https://registry.npmjs.org/@protobufjs/pool/-/pool-1.1.0.tgz",
      "integrity": "sha1-Cf0V8tbTq/qbZbw2ZQbWrXhG/1Q="
    },
    "@protobufjs/utf8": {
      "version": "1.1.0",
      "resolved": "https://registry.npmjs.org/@protobufjs/utf8/-/utf8-1.1.0.tgz",
      "integrity": "sha1-p3c2C1s5oaLlEG+OhY8v0tBgxXA="
    },
    "@stablelib/binary": {
      "version": "1.0.1",
      "resolved": "https://registry.npmjs.org/@stablelib/binary/-/binary-1.0.1.tgz",
      "integrity": "sha512-ClJWvmL6UBM/wjkvv/7m5VP3GMr9t0osr4yVgLZsLCOz4hGN9gIAFEqnJ0TsSMAN+n840nf2cHZnA5/KFqHC7Q==",
      "requires": {
        "@stablelib/int": "^1.0.1"
      }
    },
    "@stablelib/blake2b": {
      "version": "1.0.1",
      "resolved": "https://registry.npmjs.org/@stablelib/blake2b/-/blake2b-1.0.1.tgz",
      "integrity": "sha512-B3KyKoBAjkIFeH7romcF96i+pVFYk7K2SBQ1pZvaxV+epSBXJ+n0C66esUhyz6FF+5FbdQVm77C5fzGFcEZpKA==",
      "requires": {
        "@stablelib/binary": "^1.0.1",
        "@stablelib/hash": "^1.0.1",
        "@stablelib/wipe": "^1.0.1"
      }
    },
    "@stablelib/bytes": {
      "version": "1.0.1",
      "resolved": "https://registry.npmjs.org/@stablelib/bytes/-/bytes-1.0.1.tgz",
      "integrity": "sha512-Kre4Y4kdwuqL8BR2E9hV/R5sOrUj6NanZaZis0V6lX5yzqC3hBuVSDXUIBqQv/sCpmuWRiHLwqiT1pqqjuBXoQ=="
    },
    "@stablelib/constant-time": {
      "version": "1.0.1",
      "resolved": "https://registry.npmjs.org/@stablelib/constant-time/-/constant-time-1.0.1.tgz",
      "integrity": "sha512-tNOs3uD0vSJcK6z1fvef4Y+buN7DXhzHDPqRLSXUel1UfqMB1PWNsnnAezrKfEwTLpN0cGH2p9NNjs6IqeD0eg=="
    },
    "@stablelib/ed25519": {
      "version": "1.0.3",
      "resolved": "https://registry.npmjs.org/@stablelib/ed25519/-/ed25519-1.0.3.tgz",
      "integrity": "sha512-puIMWaX9QlRsbhxfDc5i+mNPMY+0TmQEskunY1rZEBPi1acBCVQAhnsk/1Hk50DGPtVsZtAWQg4NHGlVaO9Hqg==",
      "requires": {
        "@stablelib/random": "^1.0.2",
        "@stablelib/sha512": "^1.0.1",
        "@stablelib/wipe": "^1.0.1"
      }
    },
    "@stablelib/hash": {
      "version": "1.0.1",
      "resolved": "https://registry.npmjs.org/@stablelib/hash/-/hash-1.0.1.tgz",
      "integrity": "sha512-eTPJc/stDkdtOcrNMZ6mcMK1e6yBbqRBaNW55XA1jU8w/7QdnCF0CmMmOD1m7VSkBR44PWrMHU2l6r8YEQHMgg=="
    },
    "@stablelib/int": {
      "version": "1.0.1",
      "resolved": "https://registry.npmjs.org/@stablelib/int/-/int-1.0.1.tgz",
      "integrity": "sha512-byr69X/sDtDiIjIV6m4roLVWnNNlRGzsvxw+agj8CIEazqWGOQp2dTYgQhtyVXV9wpO6WyXRQUzLV/JRNumT2w=="
    },
    "@stablelib/keyagreement": {
      "version": "1.0.1",
      "resolved": "https://registry.npmjs.org/@stablelib/keyagreement/-/keyagreement-1.0.1.tgz",
      "integrity": "sha512-VKL6xBwgJnI6l1jKrBAfn265cspaWBPAPEc62VBQrWHLqVgNRE09gQ/AnOEyKUWrrqfD+xSQ3u42gJjLDdMDQg==",
      "requires": {
        "@stablelib/bytes": "^1.0.1"
      }
    },
    "@stablelib/nacl": {
      "version": "1.0.4",
      "resolved": "https://registry.npmjs.org/@stablelib/nacl/-/nacl-1.0.4.tgz",
      "integrity": "sha512-PJ2U/MrkXSKUM8C4qFs87WeCNxri7KQwR8Cdwm9q2sweGuAtTvOJGuW0F3N+zn+ySLPJA98SYWSSpogMJ1gCmw==",
      "requires": {
        "@stablelib/poly1305": "^1.0.1",
        "@stablelib/random": "^1.0.2",
        "@stablelib/wipe": "^1.0.1",
        "@stablelib/x25519": "^1.0.3",
        "@stablelib/xsalsa20": "^1.0.2"
      }
    },
    "@stablelib/poly1305": {
      "version": "1.0.1",
      "resolved": "https://registry.npmjs.org/@stablelib/poly1305/-/poly1305-1.0.1.tgz",
      "integrity": "sha512-1HlG3oTSuQDOhSnLwJRKeTRSAdFNVB/1djy2ZbS35rBSJ/PFqx9cf9qatinWghC2UbfOYD8AcrtbUQl8WoxabA==",
      "requires": {
        "@stablelib/constant-time": "^1.0.1",
        "@stablelib/wipe": "^1.0.1"
      }
    },
    "@stablelib/random": {
      "version": "1.0.2",
      "resolved": "https://registry.npmjs.org/@stablelib/random/-/random-1.0.2.tgz",
      "integrity": "sha512-rIsE83Xpb7clHPVRlBj8qNe5L8ISQOzjghYQm/dZ7VaM2KHYwMW5adjQjrzTZCchFnNCNhkwtnOBa9HTMJCI8w==",
      "requires": {
        "@stablelib/binary": "^1.0.1",
        "@stablelib/wipe": "^1.0.1"
      }
    },
    "@stablelib/salsa20": {
      "version": "1.0.2",
      "resolved": "https://registry.npmjs.org/@stablelib/salsa20/-/salsa20-1.0.2.tgz",
      "integrity": "sha512-nfjKzw0KTKrrKBasEP+j7UP4I8Xudom8lVZIBCp0kQNARXq72IlSic0oabg2FC1NU68L4RdHrNJDd8bFwrphYA==",
      "requires": {
        "@stablelib/binary": "^1.0.1",
        "@stablelib/constant-time": "^1.0.1",
        "@stablelib/wipe": "^1.0.1"
      }
    },
    "@stablelib/sha512": {
      "version": "1.0.1",
      "resolved": "https://registry.npmjs.org/@stablelib/sha512/-/sha512-1.0.1.tgz",
      "integrity": "sha512-13gl/iawHV9zvDKciLo1fQ8Bgn2Pvf7OV6amaRVKiq3pjQ3UmEpXxWiAfV8tYjUpeZroBxtyrwtdooQT/i3hzw==",
      "requires": {
        "@stablelib/binary": "^1.0.1",
        "@stablelib/hash": "^1.0.1",
        "@stablelib/wipe": "^1.0.1"
      }
    },
    "@stablelib/utf8": {
      "version": "1.0.1",
      "resolved": "https://registry.npmjs.org/@stablelib/utf8/-/utf8-1.0.1.tgz",
      "integrity": "sha512-FrYD1xadah/TtAP6VJ04lDD5h9rdDj/d8wH/jMYTtHqZBv9z2btdvEU8vTxdjdkFmo1b/BH+t3R1wi/mYhCCNg=="
    },
    "@stablelib/wipe": {
      "version": "1.0.1",
      "resolved": "https://registry.npmjs.org/@stablelib/wipe/-/wipe-1.0.1.tgz",
      "integrity": "sha512-WfqfX/eXGiAd3RJe4VU2snh/ZPwtSjLG4ynQ/vYzvghTh7dHFcI1wl+nrkWG6lGhukOxOsUHfv8dUXr58D0ayg=="
    },
    "@stablelib/x25519": {
      "version": "1.0.3",
      "resolved": "https://registry.npmjs.org/@stablelib/x25519/-/x25519-1.0.3.tgz",
      "integrity": "sha512-KnTbKmUhPhHavzobclVJQG5kuivH+qDLpe84iRqX3CLrKp881cF160JvXJ+hjn1aMyCwYOKeIZefIH/P5cJoRw==",
      "requires": {
        "@stablelib/keyagreement": "^1.0.1",
        "@stablelib/random": "^1.0.2",
        "@stablelib/wipe": "^1.0.1"
      }
    },
    "@stablelib/xsalsa20": {
      "version": "1.0.2",
      "resolved": "https://registry.npmjs.org/@stablelib/xsalsa20/-/xsalsa20-1.0.2.tgz",
      "integrity": "sha512-7XdBGbcNgBShmuhDXv1G1WPVCkjZdkb1oPMzSidO7Fve0MHntH6TjFkj5bfLI+aRE+61weO076vYpP/jmaAYog==",
      "requires": {
        "@stablelib/binary": "^1.0.1",
        "@stablelib/salsa20": "^1.0.2",
        "@stablelib/wipe": "^1.0.1"
      }
    },
    "@types/long": {
      "version": "4.0.1",
      "resolved": "https://registry.npmjs.org/@types/long/-/long-4.0.1.tgz",
      "integrity": "sha512-5tXH6Bx/kNGd3MgffdmP4dy2Z+G4eaXw0SE81Tq3BNadtnMR5/ySMzX4SLEzHJzSmPNn4HIdpQsBvXMUykr58w=="
    },
    "@types/node": {
      "version": "14.14.14"
    },
    "long": {
      "version": "5.2.0",
      "resolved": "https://registry.npmjs.org/long/-/long-5.2.0.tgz",
      "integrity": "sha512-9RTUNjK60eJbx3uz+TEGF7fUr29ZDxR5QzXcyDpeSfeH28S9ycINflOgOlppit5U+4kNTe83KQnMEerw7GmE8w=="
    },
    "protobufjs": {
      "version": "6.11.2",
      "resolved": "https://registry.npmjs.org/protobufjs/-/protobufjs-6.11.2.tgz",
      "integrity": "sha512-4BQJoPooKJl2G9j3XftkIXjoC9C0Av2NOrWmbLWT1vH32GcSUHjM0Arra6UfTsVyfMAuFzaLucXn1sadxJydAw==",
      "requires": {
        "@protobufjs/aspromise": "^1.1.2",
        "@protobufjs/base64": "^1.1.2",
        "@protobufjs/codegen": "^2.0.4",
        "@protobufjs/eventemitter": "^1.1.0",
        "@protobufjs/fetch": "^1.1.0",
        "@protobufjs/float": "^1.0.2",
        "@protobufjs/inquire": "^1.1.0",
        "@protobufjs/path": "^1.1.2",
        "@protobufjs/pool": "^1.1.0",
        "@protobufjs/utf8": "^1.1.0",
        "@types/long": "^4.0.1",
        "@types/node": ">=13.7.0",
        "long": "^4.0.0"
      },
      "dependencies": {
        "long": {
          "version": "4.0.0",
          "resolved": "https://registry.npmjs.org/long/-/long-4.0.0.tgz",
          "integrity": "sha512-XsP+KhQif4bjX1kbuSiySJFNAehNxgLb6hPRGJ9QsUr8ajHkuXGdrHmFUTUUXhDwVX2R5bY4JNZEwbUiMhV+MA=="
        }
      }
    }
  }
}
