{
  "name": "@airgap/cosmos-core",
  "version": "0.13.11-beta.22",
  "lockfileVersion": 2,
  "requires": true,
  "packages": {
    "": {
      "name": "@airgap/cosmos-core",
      "version": "0.13.11-beta.22",
      "license": "MIT",
      "dependencies": {
        "@airgap/coinlib-core": "*",
        "@airgap/crypto": "*",
        "@airgap/module-kit": "*",
        "@airgap/serializer": "*"
      }
    },
    "node_modules/@airgap/coinlib-core": {
      "version": "0.13.10",
      "resolved": "https://registry.npmjs.org/@airgap/coinlib-core/-/coinlib-core-0.13.10.tgz",
      "integrity": "sha512-VNmDCSzZJh47z93ORbHEn6dBQ7VzlLtqqcRC4W/0jmpdse5VXuhvR5DhxcotehTkSQRLiGmn+PevnyKGenkZbQ==",
      "dependencies": {
        "@stablelib/blake2b": "^1.0.1",
        "@stablelib/bytes": "^1.0.1",
        "@stablelib/ed25519": "^1.0.3",
        "@stablelib/nacl": "^1.0.4",
        "@stablelib/utf8": "^1.0.1",
        "long": "^5.2.0",
        "protobufjs": "^6.11.2"
      }
    },
    "node_modules/@airgap/crypto": {
      "version": "0.13.11-beta.1",
      "resolved": "https://registry.npmjs.org/@airgap/crypto/-/crypto-0.13.11-beta.1.tgz",
      "integrity": "sha512-wmMMZq08RkEcHKK0AhYA9m+7sTOqI1MvNb8oAzs4Xq8gFNQWiQ4s58xD1gJjFi5C3TFcrb230JHA3zbdEzjlJw==",
      "dependencies": {
        "@airgap/coinlib-core": "*",
        "@airgap/module-kit": "*",
        "@airgap/sapling-wasm": "^0.0.9",
        "@polkadot/wasm-crypto": "0.20.1",
        "@stablelib/hmac": "^1.0.1"
      }
    },
    "node_modules/@airgap/module-kit": {
      "version": "0.13.10",
      "resolved": "https://registry.npmjs.org/@airgap/module-kit/-/module-kit-0.13.10.tgz",
      "integrity": "sha512-nv1Qg+XYXa8pWHB9/M9pVQvB2Immq4utLFHPDcz9TftOcZ0giC7cQqik0zrH4aX7kfCCj7xqa1HzIhlXfyPikg==",
      "peerDependencies": {
        "@airgap/coinlib-core": "^0.13.10"
      }
    },
    "node_modules/@airgap/sapling-wasm": {
      "version": "0.0.9",
      "resolved": "https://registry.npmjs.org/@airgap/sapling-wasm/-/sapling-wasm-0.0.9.tgz",
      "integrity": "sha512-rJjV7JIDxoardnZMgk4Uor5Z6OVsAE4I5uDlkGAb0tQ5NN0gmz9Bu2LKMPSCv7UqDpZowDX4BbMDuSqdO/IsbQ=="
    },
    "node_modules/@airgap/serializer": {
      "version": "0.13.10",
      "resolved": "https://registry.npmjs.org/@airgap/serializer/-/serializer-0.13.10.tgz",
      "integrity": "sha512-HVTpd05G6PPj6/hnZs+oBL/cWP543AMxp93GHrg3KsWQPBFLvxpgxhrzCXYaPcXyxgSHSbOlRttOVOzgi8HEtw==",
      "peerDependencies": {
        "@airgap/coinlib-core": "^0.13.10"
      }
    },
    "node_modules/@polkadot/util": {
      "version": "11.0.1",
      "resolved": "https://registry.npmjs.org/@polkadot/util/-/util-11.0.1.tgz",
      "integrity": "sha512-IMk3hPxIGzlAW6fhOigVPMvaW0E+dTMzO1IKnEATdhAJFKjaqU4K9Pwj79fj93xgM5Y8PkHV5sUPJKuce+u+4A==",
      "peer": true,
      "dependencies": {
        "@polkadot/x-bigint": "11.0.1",
        "@polkadot/x-global": "11.0.1",
        "@polkadot/x-textdecoder": "11.0.1",
        "@polkadot/x-textencoder": "11.0.1",
        "@types/bn.js": "^5.1.1",
        "bn.js": "^5.2.1",
        "tslib": "^2.5.0"
      },
      "engines": {
        "node": ">=14.0.0"
      }
    },
    "node_modules/@polkadot/wasm-crypto": {
      "version": "0.20.1",
      "resolved": "https://registry.npmjs.org/@polkadot/wasm-crypto/-/wasm-crypto-0.20.1.tgz",
      "integrity": "sha512-HVmKEQoC7RTS15nGJkQDam8pvwBLjO/JJfhq1OI/zBSqi0KPoh2ZxThkyI+O4CjjY1W+HGvybe0uf0c+VDn62Q==",
      "peerDependencies": {
        "@polkadot/util": "*"
      }
    },
    "node_modules/@polkadot/x-bigint": {
      "version": "11.0.1",
      "resolved": "https://registry.npmjs.org/@polkadot/x-bigint/-/x-bigint-11.0.1.tgz",
      "integrity": "sha512-/Sbl5seEG5F7og6UsjYi+V7/LrVw5cRoXhs3oEv8MFh5yIzCXaTO8vLd06PHLkNwBUvEBtfrbhuVYi+FDTAP0g==",
      "peer": true,
      "dependencies": {
        "@polkadot/x-global": "11.0.1",
        "tslib": "^2.5.0"
      },
      "engines": {
        "node": ">=14.0.0"
      }
    },
    "node_modules/@polkadot/x-global": {
      "version": "11.0.1",
      "resolved": "https://registry.npmjs.org/@polkadot/x-global/-/x-global-11.0.1.tgz",
      "integrity": "sha512-K14xREFEH1OqFcoD8cabByuqarX0NRz/iUlYcUv2Xgs+CCk6xfgdjCbFFoTHH5bzNqIJrrEjAbOn3zL4Xm1W4g==",
      "peer": true,
      "dependencies": {
        "tslib": "^2.5.0"
      },
      "engines": {
        "node": ">=14.0.0"
      }
    },
    "node_modules/@polkadot/x-textdecoder": {
      "version": "11.0.1",
      "resolved": "https://registry.npmjs.org/@polkadot/x-textdecoder/-/x-textdecoder-11.0.1.tgz",
      "integrity": "sha512-uadRuBPGeZNDknOk9FQWgnzTiVE4tHmSl5cBO9g/UWurqbovme01rQGhgARp3x9jrRC0/3xxsAAR96VhPh1ftA==",
      "peer": true,
      "dependencies": {
        "@polkadot/x-global": "11.0.1",
        "tslib": "^2.5.0"
      },
      "engines": {
        "node": ">=14.0.0"
      }
    },
    "node_modules/@polkadot/x-textencoder": {
      "version": "11.0.1",
      "resolved": "https://registry.npmjs.org/@polkadot/x-textencoder/-/x-textencoder-11.0.1.tgz",
      "integrity": "sha512-uzol/LRVxDQZNY/FLu0NpCsZLungIPdLG4FQjB4nBzJ1wW+z+AEuUHIVRJ87ohwikEB6yr20Prmz7g9kF4eB9g==",
      "peer": true,
      "dependencies": {
        "@polkadot/x-global": "11.0.1",
        "tslib": "^2.5.0"
      },
      "engines": {
        "node": ">=14.0.0"
      }
    },
    "node_modules/@protobufjs/aspromise": {
      "version": "1.1.2",
      "resolved": "https://registry.npmjs.org/@protobufjs/aspromise/-/aspromise-1.1.2.tgz",
      "integrity": "sha512-j+gKExEuLmKwvz3OgROXtrJ2UG2x8Ch2YZUxahh+s1F2HZ+wAceUNLkvy6zKCPVRkU++ZWQrdxsUeQXmcg4uoQ=="
    },
    "node_modules/@protobufjs/base64": {
      "version": "1.1.2",
      "resolved": "https://registry.npmjs.org/@protobufjs/base64/-/base64-1.1.2.tgz",
      "integrity": "sha512-AZkcAA5vnN/v4PDqKyMR5lx7hZttPDgClv83E//FMNhR2TMcLUhfRUBHCmSl0oi9zMgDDqRUJkSxO3wm85+XLg=="
    },
    "node_modules/@protobufjs/codegen": {
      "version": "2.0.4",
      "resolved": "https://registry.npmjs.org/@protobufjs/codegen/-/codegen-2.0.4.tgz",
      "integrity": "sha512-YyFaikqM5sH0ziFZCN3xDC7zeGaB/d0IUb9CATugHWbd1FRFwWwt4ld4OYMPWu5a3Xe01mGAULCdqhMlPl29Jg=="
    },
    "node_modules/@protobufjs/eventemitter": {
      "version": "1.1.0",
      "resolved": "https://registry.npmjs.org/@protobufjs/eventemitter/-/eventemitter-1.1.0.tgz",
      "integrity": "sha512-j9ednRT81vYJ9OfVuXG6ERSTdEL1xVsNgqpkxMsbIabzSo3goCjDIveeGv5d03om39ML71RdmrGNjG5SReBP/Q=="
    },
    "node_modules/@protobufjs/fetch": {
      "version": "1.1.0",
      "resolved": "https://registry.npmjs.org/@protobufjs/fetch/-/fetch-1.1.0.tgz",
      "integrity": "sha512-lljVXpqXebpsijW71PZaCYeIcE5on1w5DlQy5WH6GLbFryLUrBD4932W/E2BSpfRJWseIL4v/KPgBFxDOIdKpQ==",
      "dependencies": {
        "@protobufjs/aspromise": "^1.1.1",
        "@protobufjs/inquire": "^1.1.0"
      }
    },
    "node_modules/@protobufjs/float": {
      "version": "1.0.2",
      "resolved": "https://registry.npmjs.org/@protobufjs/float/-/float-1.0.2.tgz",
      "integrity": "sha512-Ddb+kVXlXst9d+R9PfTIxh1EdNkgoRe5tOX6t01f1lYWOvJnSPDBlG241QLzcyPdoNTsblLUdujGSE4RzrTZGQ=="
    },
    "node_modules/@protobufjs/inquire": {
      "version": "1.1.0",
      "resolved": "https://registry.npmjs.org/@protobufjs/inquire/-/inquire-1.1.0.tgz",
      "integrity": "sha512-kdSefcPdruJiFMVSbn801t4vFK7KB/5gd2fYvrxhuJYg8ILrmn9SKSX2tZdV6V+ksulWqS7aXjBcRXl3wHoD9Q=="
    },
    "node_modules/@protobufjs/path": {
      "version": "1.1.2",
      "resolved": "https://registry.npmjs.org/@protobufjs/path/-/path-1.1.2.tgz",
      "integrity": "sha512-6JOcJ5Tm08dOHAbdR3GrvP+yUUfkjG5ePsHYczMFLq3ZmMkAD98cDgcT2iA1lJ9NVwFd4tH/iSSoe44YWkltEA=="
    },
    "node_modules/@protobufjs/pool": {
      "version": "1.1.0",
      "resolved": "https://registry.npmjs.org/@protobufjs/pool/-/pool-1.1.0.tgz",
      "integrity": "sha512-0kELaGSIDBKvcgS4zkjz1PeddatrjYcmMWOlAuAPwAeccUrPHdUqo/J6LiymHHEiJT5NrF1UVwxY14f+fy4WQw=="
    },
    "node_modules/@protobufjs/utf8": {
      "version": "1.1.0",
      "resolved": "https://registry.npmjs.org/@protobufjs/utf8/-/utf8-1.1.0.tgz",
      "integrity": "sha512-Vvn3zZrhQZkkBE8LSuW3em98c0FwgO4nxzv6OdSxPKJIEKY2bGbHn+mhGIPerzI4twdxaP8/0+06HBpwf345Lw=="
    },
    "node_modules/@stablelib/binary": {
      "version": "1.0.1",
      "resolved": "https://registry.npmjs.org/@stablelib/binary/-/binary-1.0.1.tgz",
      "integrity": "sha512-ClJWvmL6UBM/wjkvv/7m5VP3GMr9t0osr4yVgLZsLCOz4hGN9gIAFEqnJ0TsSMAN+n840nf2cHZnA5/KFqHC7Q==",
      "dependencies": {
        "@stablelib/int": "^1.0.1"
      }
    },
    "node_modules/@stablelib/blake2b": {
      "version": "1.0.1",
      "resolved": "https://registry.npmjs.org/@stablelib/blake2b/-/blake2b-1.0.1.tgz",
      "integrity": "sha512-B3KyKoBAjkIFeH7romcF96i+pVFYk7K2SBQ1pZvaxV+epSBXJ+n0C66esUhyz6FF+5FbdQVm77C5fzGFcEZpKA==",
      "dependencies": {
        "@stablelib/binary": "^1.0.1",
        "@stablelib/hash": "^1.0.1",
        "@stablelib/wipe": "^1.0.1"
      }
    },
    "node_modules/@stablelib/bytes": {
      "version": "1.0.1",
      "resolved": "https://registry.npmjs.org/@stablelib/bytes/-/bytes-1.0.1.tgz",
      "integrity": "sha512-Kre4Y4kdwuqL8BR2E9hV/R5sOrUj6NanZaZis0V6lX5yzqC3hBuVSDXUIBqQv/sCpmuWRiHLwqiT1pqqjuBXoQ=="
    },
    "node_modules/@stablelib/constant-time": {
      "version": "1.0.1",
      "resolved": "https://registry.npmjs.org/@stablelib/constant-time/-/constant-time-1.0.1.tgz",
      "integrity": "sha512-tNOs3uD0vSJcK6z1fvef4Y+buN7DXhzHDPqRLSXUel1UfqMB1PWNsnnAezrKfEwTLpN0cGH2p9NNjs6IqeD0eg=="
    },
    "node_modules/@stablelib/ed25519": {
      "version": "1.0.3",
      "resolved": "https://registry.npmjs.org/@stablelib/ed25519/-/ed25519-1.0.3.tgz",
      "integrity": "sha512-puIMWaX9QlRsbhxfDc5i+mNPMY+0TmQEskunY1rZEBPi1acBCVQAhnsk/1Hk50DGPtVsZtAWQg4NHGlVaO9Hqg==",
      "dependencies": {
        "@stablelib/random": "^1.0.2",
        "@stablelib/sha512": "^1.0.1",
        "@stablelib/wipe": "^1.0.1"
      }
    },
    "node_modules/@stablelib/hash": {
      "version": "1.0.1",
      "resolved": "https://registry.npmjs.org/@stablelib/hash/-/hash-1.0.1.tgz",
      "integrity": "sha512-eTPJc/stDkdtOcrNMZ6mcMK1e6yBbqRBaNW55XA1jU8w/7QdnCF0CmMmOD1m7VSkBR44PWrMHU2l6r8YEQHMgg=="
    },
    "node_modules/@stablelib/hmac": {
      "version": "1.0.1",
      "resolved": "https://registry.npmjs.org/@stablelib/hmac/-/hmac-1.0.1.tgz",
      "integrity": "sha512-V2APD9NSnhVpV/QMYgCVMIYKiYG6LSqw1S65wxVoirhU/51ACio6D4yDVSwMzuTJXWZoVHbDdINioBwKy5kVmA==",
      "dependencies": {
        "@stablelib/constant-time": "^1.0.1",
        "@stablelib/hash": "^1.0.1",
        "@stablelib/wipe": "^1.0.1"
      }
    },
    "node_modules/@stablelib/int": {
      "version": "1.0.1",
      "resolved": "https://registry.npmjs.org/@stablelib/int/-/int-1.0.1.tgz",
      "integrity": "sha512-byr69X/sDtDiIjIV6m4roLVWnNNlRGzsvxw+agj8CIEazqWGOQp2dTYgQhtyVXV9wpO6WyXRQUzLV/JRNumT2w=="
    },
    "node_modules/@stablelib/keyagreement": {
      "version": "1.0.1",
      "resolved": "https://registry.npmjs.org/@stablelib/keyagreement/-/keyagreement-1.0.1.tgz",
      "integrity": "sha512-VKL6xBwgJnI6l1jKrBAfn265cspaWBPAPEc62VBQrWHLqVgNRE09gQ/AnOEyKUWrrqfD+xSQ3u42gJjLDdMDQg==",
      "dependencies": {
        "@stablelib/bytes": "^1.0.1"
      }
    },
    "node_modules/@stablelib/nacl": {
      "version": "1.0.4",
      "resolved": "https://registry.npmjs.org/@stablelib/nacl/-/nacl-1.0.4.tgz",
      "integrity": "sha512-PJ2U/MrkXSKUM8C4qFs87WeCNxri7KQwR8Cdwm9q2sweGuAtTvOJGuW0F3N+zn+ySLPJA98SYWSSpogMJ1gCmw==",
      "dependencies": {
        "@stablelib/poly1305": "^1.0.1",
        "@stablelib/random": "^1.0.2",
        "@stablelib/wipe": "^1.0.1",
        "@stablelib/x25519": "^1.0.3",
        "@stablelib/xsalsa20": "^1.0.2"
      }
    },
    "node_modules/@stablelib/poly1305": {
      "version": "1.0.1",
      "resolved": "https://registry.npmjs.org/@stablelib/poly1305/-/poly1305-1.0.1.tgz",
      "integrity": "sha512-1HlG3oTSuQDOhSnLwJRKeTRSAdFNVB/1djy2ZbS35rBSJ/PFqx9cf9qatinWghC2UbfOYD8AcrtbUQl8WoxabA==",
      "dependencies": {
        "@stablelib/constant-time": "^1.0.1",
        "@stablelib/wipe": "^1.0.1"
      }
    },
    "node_modules/@stablelib/random": {
      "version": "1.0.2",
      "resolved": "https://registry.npmjs.org/@stablelib/random/-/random-1.0.2.tgz",
      "integrity": "sha512-rIsE83Xpb7clHPVRlBj8qNe5L8ISQOzjghYQm/dZ7VaM2KHYwMW5adjQjrzTZCchFnNCNhkwtnOBa9HTMJCI8w==",
      "dependencies": {
        "@stablelib/binary": "^1.0.1",
        "@stablelib/wipe": "^1.0.1"
      }
    },
    "node_modules/@stablelib/salsa20": {
      "version": "1.0.2",
      "resolved": "https://registry.npmjs.org/@stablelib/salsa20/-/salsa20-1.0.2.tgz",
      "integrity": "sha512-nfjKzw0KTKrrKBasEP+j7UP4I8Xudom8lVZIBCp0kQNARXq72IlSic0oabg2FC1NU68L4RdHrNJDd8bFwrphYA==",
      "dependencies": {
        "@stablelib/binary": "^1.0.1",
        "@stablelib/constant-time": "^1.0.1",
        "@stablelib/wipe": "^1.0.1"
      }
    },
    "node_modules/@stablelib/sha512": {
      "version": "1.0.1",
      "resolved": "https://registry.npmjs.org/@stablelib/sha512/-/sha512-1.0.1.tgz",
      "integrity": "sha512-13gl/iawHV9zvDKciLo1fQ8Bgn2Pvf7OV6amaRVKiq3pjQ3UmEpXxWiAfV8tYjUpeZroBxtyrwtdooQT/i3hzw==",
      "dependencies": {
        "@stablelib/binary": "^1.0.1",
        "@stablelib/hash": "^1.0.1",
        "@stablelib/wipe": "^1.0.1"
      }
    },
    "node_modules/@stablelib/utf8": {
      "version": "1.0.1",
      "resolved": "https://registry.npmjs.org/@stablelib/utf8/-/utf8-1.0.1.tgz",
      "integrity": "sha512-FrYD1xadah/TtAP6VJ04lDD5h9rdDj/d8wH/jMYTtHqZBv9z2btdvEU8vTxdjdkFmo1b/BH+t3R1wi/mYhCCNg=="
    },
    "node_modules/@stablelib/wipe": {
      "version": "1.0.1",
      "resolved": "https://registry.npmjs.org/@stablelib/wipe/-/wipe-1.0.1.tgz",
      "integrity": "sha512-WfqfX/eXGiAd3RJe4VU2snh/ZPwtSjLG4ynQ/vYzvghTh7dHFcI1wl+nrkWG6lGhukOxOsUHfv8dUXr58D0ayg=="
    },
    "node_modules/@stablelib/x25519": {
      "version": "1.0.3",
      "resolved": "https://registry.npmjs.org/@stablelib/x25519/-/x25519-1.0.3.tgz",
      "integrity": "sha512-KnTbKmUhPhHavzobclVJQG5kuivH+qDLpe84iRqX3CLrKp881cF160JvXJ+hjn1aMyCwYOKeIZefIH/P5cJoRw==",
      "dependencies": {
        "@stablelib/keyagreement": "^1.0.1",
        "@stablelib/random": "^1.0.2",
        "@stablelib/wipe": "^1.0.1"
      }
    },
    "node_modules/@stablelib/xsalsa20": {
      "version": "1.0.2",
      "resolved": "https://registry.npmjs.org/@stablelib/xsalsa20/-/xsalsa20-1.0.2.tgz",
      "integrity": "sha512-7XdBGbcNgBShmuhDXv1G1WPVCkjZdkb1oPMzSidO7Fve0MHntH6TjFkj5bfLI+aRE+61weO076vYpP/jmaAYog==",
      "dependencies": {
        "@stablelib/binary": "^1.0.1",
        "@stablelib/salsa20": "^1.0.2",
        "@stablelib/wipe": "^1.0.1"
      }
    },
    "node_modules/@types/bn.js": {
      "version": "5.1.1",
      "resolved": "https://registry.npmjs.org/@types/bn.js/-/bn.js-5.1.1.tgz",
      "integrity": "sha512-qNrYbZqMx0uJAfKnKclPh+dTwK33KfLHYqtyODwd5HnXOjnkhc4qgn3BrK6RWyGZm5+sIFE7Q7Vz6QQtJB7w7g==",
      "peer": true,
      "dependencies": {
        "@types/node": "*"
      }
    },
    "node_modules/@types/long": {
      "version": "4.0.2",
      "resolved": "https://registry.npmjs.org/@types/long/-/long-4.0.2.tgz",
      "integrity": "sha512-MqTGEo5bj5t157U6fA/BiDynNkn0YknVdh48CMPkTSpFTVmvao5UQmm7uEF6xBEo7qIMAlY/JSleYaE6VOdpaA=="
    },
    "node_modules/@types/node": {
      "version": "18.14.6",
      "resolved": "https://registry.npmjs.org/@types/node/-/node-18.14.6.tgz",
      "integrity": "sha512-93+VvleD3mXwlLI/xASjw0FzKcwzl3OdTCzm1LaRfqgS21gfFtK3zDXM5Op9TeeMsJVOaJ2VRDpT9q4Y3d0AvA=="
    },
    "node_modules/bn.js": {
      "version": "5.2.1",
      "resolved": "https://registry.npmjs.org/bn.js/-/bn.js-5.2.1.tgz",
      "integrity": "sha512-eXRvHzWyYPBuB4NBy0cmYQjGitUrtqwbvlzP3G6VFnNRbsZQIxQ10PbKKHt8gZ/HW/D/747aDl+QkDqg3KQLMQ==",
      "peer": true
    },
    "node_modules/long": {
      "version": "5.2.1",
      "resolved": "https://registry.npmjs.org/long/-/long-5.2.1.tgz",
      "integrity": "sha512-GKSNGeNAtw8IryjjkhZxuKB3JzlcLTwjtiQCHKvqQet81I93kXslhDQruGI/QsddO83mcDToBVy7GqGS/zYf/A=="
    },
    "node_modules/protobufjs": {
      "version": "6.11.3",
      "resolved": "https://registry.npmjs.org/protobufjs/-/protobufjs-6.11.3.tgz",
      "integrity": "sha512-xL96WDdCZYdU7Slin569tFX712BxsxslWwAfAhCYjQKGTq7dAU91Lomy6nLLhh/dyGhk/YH4TwTSRxTzhuHyZg==",
      "hasInstallScript": true,
      "dependencies": {
        "@protobufjs/aspromise": "^1.1.2",
        "@protobufjs/base64": "^1.1.2",
        "@protobufjs/codegen": "^2.0.4",
        "@protobufjs/eventemitter": "^1.1.0",
        "@protobufjs/fetch": "^1.1.0",
        "@protobufjs/float": "^1.0.2",
        "@protobufjs/inquire": "^1.1.0",
        "@protobufjs/path": "^1.1.2",
        "@protobufjs/pool": "^1.1.0",
        "@protobufjs/utf8": "^1.1.0",
        "@types/long": "^4.0.1",
        "@types/node": ">=13.7.0",
        "long": "^4.0.0"
      },
      "bin": {
        "pbjs": "bin/pbjs",
        "pbts": "bin/pbts"
      }
    },
    "node_modules/protobufjs/node_modules/long": {
      "version": "4.0.0",
      "resolved": "https://registry.npmjs.org/long/-/long-4.0.0.tgz",
      "integrity": "sha512-XsP+KhQif4bjX1kbuSiySJFNAehNxgLb6hPRGJ9QsUr8ajHkuXGdrHmFUTUUXhDwVX2R5bY4JNZEwbUiMhV+MA=="
    },
    "node_modules/tslib": {
      "version": "2.5.0",
      "resolved": "https://registry.npmjs.org/tslib/-/tslib-2.5.0.tgz",
      "integrity": "sha512-336iVw3rtn2BUK7ORdIAHTyxHGRIHVReokCR3XjbckJMK7ms8FysBfhLR8IXnAgy7T0PTPNBWKiH514FOW/WSg==",
      "peer": true
    }
  },
  "dependencies": {
    "@airgap/coinlib-core": {
      "version": "0.13.10",
      "resolved": "https://registry.npmjs.org/@airgap/coinlib-core/-/coinlib-core-0.13.10.tgz",
      "integrity": "sha512-VNmDCSzZJh47z93ORbHEn6dBQ7VzlLtqqcRC4W/0jmpdse5VXuhvR5DhxcotehTkSQRLiGmn+PevnyKGenkZbQ==",
      "requires": {
        "@stablelib/blake2b": "^1.0.1",
        "@stablelib/bytes": "^1.0.1",
        "@stablelib/ed25519": "^1.0.3",
        "@stablelib/nacl": "^1.0.4",
        "@stablelib/utf8": "^1.0.1",
        "long": "^5.2.0",
        "protobufjs": "^6.11.2"
      }
    },
    "@airgap/crypto": {
      "version": "0.13.11-beta.1",
      "resolved": "https://registry.npmjs.org/@airgap/crypto/-/crypto-0.13.11-beta.1.tgz",
      "integrity": "sha512-wmMMZq08RkEcHKK0AhYA9m+7sTOqI1MvNb8oAzs4Xq8gFNQWiQ4s58xD1gJjFi5C3TFcrb230JHA3zbdEzjlJw==",
      "requires": {
        "@airgap/coinlib-core": "*",
        "@airgap/module-kit": "*",
        "@airgap/sapling-wasm": "^0.0.9",
        "@polkadot/wasm-crypto": "0.20.1",
        "@stablelib/hmac": "^1.0.1"
      }
    },
    "@airgap/module-kit": {
      "version": "0.13.10",
      "resolved": "https://registry.npmjs.org/@airgap/module-kit/-/module-kit-0.13.10.tgz",
      "integrity": "sha512-nv1Qg+XYXa8pWHB9/M9pVQvB2Immq4utLFHPDcz9TftOcZ0giC7cQqik0zrH4aX7kfCCj7xqa1HzIhlXfyPikg==",
      "requires": {}
    },
    "@airgap/sapling-wasm": {
      "version": "0.0.9",
      "resolved": "https://registry.npmjs.org/@airgap/sapling-wasm/-/sapling-wasm-0.0.9.tgz",
      "integrity": "sha512-rJjV7JIDxoardnZMgk4Uor5Z6OVsAE4I5uDlkGAb0tQ5NN0gmz9Bu2LKMPSCv7UqDpZowDX4BbMDuSqdO/IsbQ=="
    },
    "@airgap/serializer": {
      "version": "0.13.10",
      "resolved": "https://registry.npmjs.org/@airgap/serializer/-/serializer-0.13.10.tgz",
      "integrity": "sha512-HVTpd05G6PPj6/hnZs+oBL/cWP543AMxp93GHrg3KsWQPBFLvxpgxhrzCXYaPcXyxgSHSbOlRttOVOzgi8HEtw==",
      "requires": {}
    },
    "@polkadot/util": {
      "version": "11.0.1",
      "resolved": "https://registry.npmjs.org/@polkadot/util/-/util-11.0.1.tgz",
      "integrity": "sha512-IMk3hPxIGzlAW6fhOigVPMvaW0E+dTMzO1IKnEATdhAJFKjaqU4K9Pwj79fj93xgM5Y8PkHV5sUPJKuce+u+4A==",
      "peer": true,
      "requires": {
        "@polkadot/x-bigint": "11.0.1",
        "@polkadot/x-global": "11.0.1",
        "@polkadot/x-textdecoder": "11.0.1",
        "@polkadot/x-textencoder": "11.0.1",
        "@types/bn.js": "^5.1.1",
        "bn.js": "^5.2.1",
        "tslib": "^2.5.0"
      }
    },
    "@polkadot/wasm-crypto": {
      "version": "0.20.1",
      "resolved": "https://registry.npmjs.org/@polkadot/wasm-crypto/-/wasm-crypto-0.20.1.tgz",
      "integrity": "sha512-HVmKEQoC7RTS15nGJkQDam8pvwBLjO/JJfhq1OI/zBSqi0KPoh2ZxThkyI+O4CjjY1W+HGvybe0uf0c+VDn62Q==",
      "requires": {}
    },
    "@polkadot/x-bigint": {
      "version": "11.0.1",
      "resolved": "https://registry.npmjs.org/@polkadot/x-bigint/-/x-bigint-11.0.1.tgz",
      "integrity": "sha512-/Sbl5seEG5F7og6UsjYi+V7/LrVw5cRoXhs3oEv8MFh5yIzCXaTO8vLd06PHLkNwBUvEBtfrbhuVYi+FDTAP0g==",
      "peer": true,
      "requires": {
        "@polkadot/x-global": "11.0.1",
        "tslib": "^2.5.0"
      }
    },
    "@polkadot/x-global": {
      "version": "11.0.1",
      "resolved": "https://registry.npmjs.org/@polkadot/x-global/-/x-global-11.0.1.tgz",
      "integrity": "sha512-K14xREFEH1OqFcoD8cabByuqarX0NRz/iUlYcUv2Xgs+CCk6xfgdjCbFFoTHH5bzNqIJrrEjAbOn3zL4Xm1W4g==",
      "peer": true,
      "requires": {
        "tslib": "^2.5.0"
      }
    },
    "@polkadot/x-textdecoder": {
      "version": "11.0.1",
      "resolved": "https://registry.npmjs.org/@polkadot/x-textdecoder/-/x-textdecoder-11.0.1.tgz",
      "integrity": "sha512-uadRuBPGeZNDknOk9FQWgnzTiVE4tHmSl5cBO9g/UWurqbovme01rQGhgARp3x9jrRC0/3xxsAAR96VhPh1ftA==",
      "peer": true,
      "requires": {
        "@polkadot/x-global": "11.0.1",
        "tslib": "^2.5.0"
      }
    },
    "@polkadot/x-textencoder": {
      "version": "11.0.1",
      "resolved": "https://registry.npmjs.org/@polkadot/x-textencoder/-/x-textencoder-11.0.1.tgz",
      "integrity": "sha512-uzol/LRVxDQZNY/FLu0NpCsZLungIPdLG4FQjB4nBzJ1wW+z+AEuUHIVRJ87ohwikEB6yr20Prmz7g9kF4eB9g==",
      "peer": true,
      "requires": {
        "@polkadot/x-global": "11.0.1",
        "tslib": "^2.5.0"
      }
    },
    "@protobufjs/aspromise": {
      "version": "1.1.2",
      "resolved": "https://registry.npmjs.org/@protobufjs/aspromise/-/aspromise-1.1.2.tgz",
      "integrity": "sha512-j+gKExEuLmKwvz3OgROXtrJ2UG2x8Ch2YZUxahh+s1F2HZ+wAceUNLkvy6zKCPVRkU++ZWQrdxsUeQXmcg4uoQ=="
    },
    "@protobufjs/base64": {
      "version": "1.1.2",
      "resolved": "https://registry.npmjs.org/@protobufjs/base64/-/base64-1.1.2.tgz",
      "integrity": "sha512-AZkcAA5vnN/v4PDqKyMR5lx7hZttPDgClv83E//FMNhR2TMcLUhfRUBHCmSl0oi9zMgDDqRUJkSxO3wm85+XLg=="
    },
    "@protobufjs/codegen": {
      "version": "2.0.4",
      "resolved": "https://registry.npmjs.org/@protobufjs/codegen/-/codegen-2.0.4.tgz",
      "integrity": "sha512-YyFaikqM5sH0ziFZCN3xDC7zeGaB/d0IUb9CATugHWbd1FRFwWwt4ld4OYMPWu5a3Xe01mGAULCdqhMlPl29Jg=="
    },
    "@protobufjs/eventemitter": {
      "version": "1.1.0",
      "resolved": "https://registry.npmjs.org/@protobufjs/eventemitter/-/eventemitter-1.1.0.tgz",
      "integrity": "sha512-j9ednRT81vYJ9OfVuXG6ERSTdEL1xVsNgqpkxMsbIabzSo3goCjDIveeGv5d03om39ML71RdmrGNjG5SReBP/Q=="
    },
    "@protobufjs/fetch": {
      "version": "1.1.0",
      "resolved": "https://registry.npmjs.org/@protobufjs/fetch/-/fetch-1.1.0.tgz",
      "integrity": "sha512-lljVXpqXebpsijW71PZaCYeIcE5on1w5DlQy5WH6GLbFryLUrBD4932W/E2BSpfRJWseIL4v/KPgBFxDOIdKpQ==",
      "requires": {
        "@protobufjs/aspromise": "^1.1.1",
        "@protobufjs/inquire": "^1.1.0"
      }
    },
    "@protobufjs/float": {
      "version": "1.0.2",
      "resolved": "https://registry.npmjs.org/@protobufjs/float/-/float-1.0.2.tgz",
      "integrity": "sha512-Ddb+kVXlXst9d+R9PfTIxh1EdNkgoRe5tOX6t01f1lYWOvJnSPDBlG241QLzcyPdoNTsblLUdujGSE4RzrTZGQ=="
    },
    "@protobufjs/inquire": {
      "version": "1.1.0",
      "resolved": "https://registry.npmjs.org/@protobufjs/inquire/-/inquire-1.1.0.tgz",
      "integrity": "sha512-kdSefcPdruJiFMVSbn801t4vFK7KB/5gd2fYvrxhuJYg8ILrmn9SKSX2tZdV6V+ksulWqS7aXjBcRXl3wHoD9Q=="
    },
    "@protobufjs/path": {
      "version": "1.1.2",
      "resolved": "https://registry.npmjs.org/@protobufjs/path/-/path-1.1.2.tgz",
      "integrity": "sha512-6JOcJ5Tm08dOHAbdR3GrvP+yUUfkjG5ePsHYczMFLq3ZmMkAD98cDgcT2iA1lJ9NVwFd4tH/iSSoe44YWkltEA=="
    },
    "@protobufjs/pool": {
      "version": "1.1.0",
      "resolved": "https://registry.npmjs.org/@protobufjs/pool/-/pool-1.1.0.tgz",
      "integrity": "sha512-0kELaGSIDBKvcgS4zkjz1PeddatrjYcmMWOlAuAPwAeccUrPHdUqo/J6LiymHHEiJT5NrF1UVwxY14f+fy4WQw=="
    },
    "@protobufjs/utf8": {
      "version": "1.1.0",
      "resolved": "https://registry.npmjs.org/@protobufjs/utf8/-/utf8-1.1.0.tgz",
      "integrity": "sha512-Vvn3zZrhQZkkBE8LSuW3em98c0FwgO4nxzv6OdSxPKJIEKY2bGbHn+mhGIPerzI4twdxaP8/0+06HBpwf345Lw=="
    },
    "@stablelib/binary": {
      "version": "1.0.1",
      "resolved": "https://registry.npmjs.org/@stablelib/binary/-/binary-1.0.1.tgz",
      "integrity": "sha512-ClJWvmL6UBM/wjkvv/7m5VP3GMr9t0osr4yVgLZsLCOz4hGN9gIAFEqnJ0TsSMAN+n840nf2cHZnA5/KFqHC7Q==",
      "requires": {
        "@stablelib/int": "^1.0.1"
      }
    },
    "@stablelib/blake2b": {
      "version": "1.0.1",
      "resolved": "https://registry.npmjs.org/@stablelib/blake2b/-/blake2b-1.0.1.tgz",
      "integrity": "sha512-B3KyKoBAjkIFeH7romcF96i+pVFYk7K2SBQ1pZvaxV+epSBXJ+n0C66esUhyz6FF+5FbdQVm77C5fzGFcEZpKA==",
      "requires": {
        "@stablelib/binary": "^1.0.1",
        "@stablelib/hash": "^1.0.1",
        "@stablelib/wipe": "^1.0.1"
      }
    },
    "@stablelib/bytes": {
      "version": "1.0.1",
      "resolved": "https://registry.npmjs.org/@stablelib/bytes/-/bytes-1.0.1.tgz",
      "integrity": "sha512-Kre4Y4kdwuqL8BR2E9hV/R5sOrUj6NanZaZis0V6lX5yzqC3hBuVSDXUIBqQv/sCpmuWRiHLwqiT1pqqjuBXoQ=="
    },
    "@stablelib/constant-time": {
      "version": "1.0.1",
      "resolved": "https://registry.npmjs.org/@stablelib/constant-time/-/constant-time-1.0.1.tgz",
      "integrity": "sha512-tNOs3uD0vSJcK6z1fvef4Y+buN7DXhzHDPqRLSXUel1UfqMB1PWNsnnAezrKfEwTLpN0cGH2p9NNjs6IqeD0eg=="
    },
    "@stablelib/ed25519": {
      "version": "1.0.3",
      "resolved": "https://registry.npmjs.org/@stablelib/ed25519/-/ed25519-1.0.3.tgz",
      "integrity": "sha512-puIMWaX9QlRsbhxfDc5i+mNPMY+0TmQEskunY1rZEBPi1acBCVQAhnsk/1Hk50DGPtVsZtAWQg4NHGlVaO9Hqg==",
      "requires": {
        "@stablelib/random": "^1.0.2",
        "@stablelib/sha512": "^1.0.1",
        "@stablelib/wipe": "^1.0.1"
      }
    },
    "@stablelib/hash": {
      "version": "1.0.1",
      "resolved": "https://registry.npmjs.org/@stablelib/hash/-/hash-1.0.1.tgz",
      "integrity": "sha512-eTPJc/stDkdtOcrNMZ6mcMK1e6yBbqRBaNW55XA1jU8w/7QdnCF0CmMmOD1m7VSkBR44PWrMHU2l6r8YEQHMgg=="
    },
    "@stablelib/hmac": {
      "version": "1.0.1",
      "resolved": "https://registry.npmjs.org/@stablelib/hmac/-/hmac-1.0.1.tgz",
      "integrity": "sha512-V2APD9NSnhVpV/QMYgCVMIYKiYG6LSqw1S65wxVoirhU/51ACio6D4yDVSwMzuTJXWZoVHbDdINioBwKy5kVmA==",
      "requires": {
        "@stablelib/constant-time": "^1.0.1",
        "@stablelib/hash": "^1.0.1",
        "@stablelib/wipe": "^1.0.1"
      }
    },
    "@stablelib/int": {
      "version": "1.0.1",
      "resolved": "https://registry.npmjs.org/@stablelib/int/-/int-1.0.1.tgz",
      "integrity": "sha512-byr69X/sDtDiIjIV6m4roLVWnNNlRGzsvxw+agj8CIEazqWGOQp2dTYgQhtyVXV9wpO6WyXRQUzLV/JRNumT2w=="
    },
    "@stablelib/keyagreement": {
      "version": "1.0.1",
      "resolved": "https://registry.npmjs.org/@stablelib/keyagreement/-/keyagreement-1.0.1.tgz",
      "integrity": "sha512-VKL6xBwgJnI6l1jKrBAfn265cspaWBPAPEc62VBQrWHLqVgNRE09gQ/AnOEyKUWrrqfD+xSQ3u42gJjLDdMDQg==",
      "requires": {
        "@stablelib/bytes": "^1.0.1"
      }
    },
    "@stablelib/nacl": {
      "version": "1.0.4",
      "resolved": "https://registry.npmjs.org/@stablelib/nacl/-/nacl-1.0.4.tgz",
      "integrity": "sha512-PJ2U/MrkXSKUM8C4qFs87WeCNxri7KQwR8Cdwm9q2sweGuAtTvOJGuW0F3N+zn+ySLPJA98SYWSSpogMJ1gCmw==",
      "requires": {
        "@stablelib/poly1305": "^1.0.1",
        "@stablelib/random": "^1.0.2",
        "@stablelib/wipe": "^1.0.1",
        "@stablelib/x25519": "^1.0.3",
        "@stablelib/xsalsa20": "^1.0.2"
      }
    },
    "@stablelib/poly1305": {
      "version": "1.0.1",
      "resolved": "https://registry.npmjs.org/@stablelib/poly1305/-/poly1305-1.0.1.tgz",
      "integrity": "sha512-1HlG3oTSuQDOhSnLwJRKeTRSAdFNVB/1djy2ZbS35rBSJ/PFqx9cf9qatinWghC2UbfOYD8AcrtbUQl8WoxabA==",
      "requires": {
        "@stablelib/constant-time": "^1.0.1",
        "@stablelib/wipe": "^1.0.1"
      }
    },
    "@stablelib/random": {
      "version": "1.0.2",
      "resolved": "https://registry.npmjs.org/@stablelib/random/-/random-1.0.2.tgz",
      "integrity": "sha512-rIsE83Xpb7clHPVRlBj8qNe5L8ISQOzjghYQm/dZ7VaM2KHYwMW5adjQjrzTZCchFnNCNhkwtnOBa9HTMJCI8w==",
      "requires": {
        "@stablelib/binary": "^1.0.1",
        "@stablelib/wipe": "^1.0.1"
      }
    },
    "@stablelib/salsa20": {
      "version": "1.0.2",
      "resolved": "https://registry.npmjs.org/@stablelib/salsa20/-/salsa20-1.0.2.tgz",
      "integrity": "sha512-nfjKzw0KTKrrKBasEP+j7UP4I8Xudom8lVZIBCp0kQNARXq72IlSic0oabg2FC1NU68L4RdHrNJDd8bFwrphYA==",
      "requires": {
        "@stablelib/binary": "^1.0.1",
        "@stablelib/constant-time": "^1.0.1",
        "@stablelib/wipe": "^1.0.1"
      }
    },
    "@stablelib/sha512": {
      "version": "1.0.1",
      "resolved": "https://registry.npmjs.org/@stablelib/sha512/-/sha512-1.0.1.tgz",
      "integrity": "sha512-13gl/iawHV9zvDKciLo1fQ8Bgn2Pvf7OV6amaRVKiq3pjQ3UmEpXxWiAfV8tYjUpeZroBxtyrwtdooQT/i3hzw==",
      "requires": {
        "@stablelib/binary": "^1.0.1",
        "@stablelib/hash": "^1.0.1",
        "@stablelib/wipe": "^1.0.1"
      }
    },
    "@stablelib/utf8": {
      "version": "1.0.1",
      "resolved": "https://registry.npmjs.org/@stablelib/utf8/-/utf8-1.0.1.tgz",
      "integrity": "sha512-FrYD1xadah/TtAP6VJ04lDD5h9rdDj/d8wH/jMYTtHqZBv9z2btdvEU8vTxdjdkFmo1b/BH+t3R1wi/mYhCCNg=="
    },
    "@stablelib/wipe": {
      "version": "1.0.1",
      "resolved": "https://registry.npmjs.org/@stablelib/wipe/-/wipe-1.0.1.tgz",
      "integrity": "sha512-WfqfX/eXGiAd3RJe4VU2snh/ZPwtSjLG4ynQ/vYzvghTh7dHFcI1wl+nrkWG6lGhukOxOsUHfv8dUXr58D0ayg=="
    },
    "@stablelib/x25519": {
      "version": "1.0.3",
      "resolved": "https://registry.npmjs.org/@stablelib/x25519/-/x25519-1.0.3.tgz",
      "integrity": "sha512-KnTbKmUhPhHavzobclVJQG5kuivH+qDLpe84iRqX3CLrKp881cF160JvXJ+hjn1aMyCwYOKeIZefIH/P5cJoRw==",
      "requires": {
        "@stablelib/keyagreement": "^1.0.1",
        "@stablelib/random": "^1.0.2",
        "@stablelib/wipe": "^1.0.1"
      }
    },
    "@stablelib/xsalsa20": {
      "version": "1.0.2",
      "resolved": "https://registry.npmjs.org/@stablelib/xsalsa20/-/xsalsa20-1.0.2.tgz",
      "integrity": "sha512-7XdBGbcNgBShmuhDXv1G1WPVCkjZdkb1oPMzSidO7Fve0MHntH6TjFkj5bfLI+aRE+61weO076vYpP/jmaAYog==",
      "requires": {
        "@stablelib/binary": "^1.0.1",
        "@stablelib/salsa20": "^1.0.2",
        "@stablelib/wipe": "^1.0.1"
      }
    },
    "@types/bn.js": {
      "version": "5.1.1",
      "resolved": "https://registry.npmjs.org/@types/bn.js/-/bn.js-5.1.1.tgz",
      "integrity": "sha512-qNrYbZqMx0uJAfKnKclPh+dTwK33KfLHYqtyODwd5HnXOjnkhc4qgn3BrK6RWyGZm5+sIFE7Q7Vz6QQtJB7w7g==",
      "peer": true,
      "requires": {
        "@types/node": "*"
      }
    },
    "@types/long": {
      "version": "4.0.2",
      "resolved": "https://registry.npmjs.org/@types/long/-/long-4.0.2.tgz",
      "integrity": "sha512-MqTGEo5bj5t157U6fA/BiDynNkn0YknVdh48CMPkTSpFTVmvao5UQmm7uEF6xBEo7qIMAlY/JSleYaE6VOdpaA=="
    },
    "@types/node": {
      "version": "18.14.6",
      "resolved": "https://registry.npmjs.org/@types/node/-/node-18.14.6.tgz",
      "integrity": "sha512-93+VvleD3mXwlLI/xASjw0FzKcwzl3OdTCzm1LaRfqgS21gfFtK3zDXM5Op9TeeMsJVOaJ2VRDpT9q4Y3d0AvA=="
    },
    "bn.js": {
      "version": "5.2.1",
      "resolved": "https://registry.npmjs.org/bn.js/-/bn.js-5.2.1.tgz",
      "integrity": "sha512-eXRvHzWyYPBuB4NBy0cmYQjGitUrtqwbvlzP3G6VFnNRbsZQIxQ10PbKKHt8gZ/HW/D/747aDl+QkDqg3KQLMQ==",
      "peer": true
    },
    "long": {
      "version": "5.2.1",
      "resolved": "https://registry.npmjs.org/long/-/long-5.2.1.tgz",
      "integrity": "sha512-GKSNGeNAtw8IryjjkhZxuKB3JzlcLTwjtiQCHKvqQet81I93kXslhDQruGI/QsddO83mcDToBVy7GqGS/zYf/A=="
    },
    "protobufjs": {
      "version": "6.11.3",
      "resolved": "https://registry.npmjs.org/protobufjs/-/protobufjs-6.11.3.tgz",
      "integrity": "sha512-xL96WDdCZYdU7Slin569tFX712BxsxslWwAfAhCYjQKGTq7dAU91Lomy6nLLhh/dyGhk/YH4TwTSRxTzhuHyZg==",
      "requires": {
        "@protobufjs/aspromise": "^1.1.2",
        "@protobufjs/base64": "^1.1.2",
        "@protobufjs/codegen": "^2.0.4",
        "@protobufjs/eventemitter": "^1.1.0",
        "@protobufjs/fetch": "^1.1.0",
        "@protobufjs/float": "^1.0.2",
        "@protobufjs/inquire": "^1.1.0",
        "@protobufjs/path": "^1.1.2",
        "@protobufjs/pool": "^1.1.0",
        "@protobufjs/utf8": "^1.1.0",
        "@types/long": "^4.0.1",
        "@types/node": ">=13.7.0",
        "long": "^4.0.0"
      },
      "dependencies": {
        "long": {
          "version": "4.0.0",
          "resolved": "https://registry.npmjs.org/long/-/long-4.0.0.tgz",
          "integrity": "sha512-XsP+KhQif4bjX1kbuSiySJFNAehNxgLb6hPRGJ9QsUr8ajHkuXGdrHmFUTUUXhDwVX2R5bY4JNZEwbUiMhV+MA=="
        }
      }
    },
    "tslib": {
      "version": "2.5.0",
      "resolved": "https://registry.npmjs.org/tslib/-/tslib-2.5.0.tgz",
      "integrity": "sha512-336iVw3rtn2BUK7ORdIAHTyxHGRIHVReokCR3XjbckJMK7ms8FysBfhLR8IXnAgy7T0PTPNBWKiH514FOW/WSg==",
      "peer": true
    }
  }
}
