{
  "name": "@airgap/moonbeam",
  "version": "0.13.8-beta.3",
  "lockfileVersion": 2,
  "requires": true,
  "packages": {
    "": {
      "name": "@airgap/moonbeam",
      "version": "0.13.8-beta.3",
      "license": "MIT",
      "peerDependencies": {
        "@airgap/coinlib-core": "^0.13.7-beta.0",
        "@airgap/module-kit": "^0.13.7-beta.0",
        "@airgap/serializer": "^0.13.7-beta.0",
        "@airgap/substrate": "^0.13.7-beta.0"
      }
    }
  }
}
